
Microsoft Visual Studio Solution File, Format Version 12.00
# Visual Studio Version 17
VisualStudioVersion = 17.0.31903.59
MinimumVisualStudioVersion = 10.0.40219.1
Project("{2150E333-8FDC-42A3-9474-1A3956D46DE8}") = "src", "src", "{827E0CD3-B72D-47B6-A68D-7590B98EB39B}"
EndProject
Project("{FAE04EC0-301F-11D3-BF4B-00C04F79EFBC}") = "Quarp.Api", "src\Quarp.Api\Quarp.Api.csproj", "{9703EF0E-E1E8-440C-9C87-D583D801D434}"
EndProject
Project("{FAE04EC0-301F-11D3-BF4B-00C04F79EFBC}") = "Quarp.CartKit", "src\Quarp.CartKit\Quarp.CartKit.csproj", "{3FB3D4C8-2669-49EE-AF06-9ABF98A40192}"
EndProject
Project("{FAE04EC0-301F-11D3-BF4B-00C04F79EFBC}") = "Quarp.Core", "src\Quarp.Core\Quarp.Core.csproj", "{1950F5B5-7539-4BF7-A490-888BF1ACCA63}"
EndProject
Project("{FAE04EC0-301F-11D3-BF4B-00C04F79EFBC}") = "Quarp.Cli", "src\Quarp.Cli\Quarp.Cli.csproj", "{36B14467-786F-4739-8F24-F956BB0E0388}"
EndProject
Project("{FAE04EC0-301F-11D3-BF4B-00C04F79EFBC}") = "Quarp.Shell.Desktop", "src\Quarp.Shell.Desktop\Quarp.Shell.Desktop.csproj", "{23B819EB-3D41-434E-BBEF-BEFF8D8BC463}"
EndProject
Project("{2150E333-8FDC-42A3-9474-1A3956D46DE8}") = "tests", "tests", "{0AB3BF05-4346-4AA6-1389-037BE0695223}"
EndProject
Project("{FAE04EC0-301F-11D3-BF4B-00C04F79EFBC}") = "Quarp.Core.Tests", "tests\Quarp.Core.Tests\Quarp.Core.Tests.csproj", "{847380CE-124D-4078-AF66-496840006C88}"
EndProject
Project("{FAE04EC0-301F-11D3-BF4B-00C04F79EFBC}") = "Quarp.CartKit.Tests", "tests\Quarp.CartKit.Tests\Quarp.CartKit.Tests.csproj", "{4F7E003B-CC75-4CE1-A65E-C484D8BC7C7F}"
EndProject
Global
	GlobalSection(SolutionConfigurationPlatforms) = preSolution
		Debug|Any CPU = Debug|Any CPU
		Debug|x64 = Debug|x64
		Debug|x86 = Debug|x86
		Release|Any CPU = Release|Any CPU
		Release|x64 = Release|x64
		Release|x86 = Release|x86
	EndGlobalSection
	GlobalSection(ProjectConfigurationPlatforms) = postSolution
		{9703EF0E-E1E8-440C-9C87-D583D801D434}.Debug|Any CPU.ActiveCfg = Debug|Any CPU
		{9703EF0E-E1E8-440C-9C87-D583D801D434}.Debug|Any CPU.Build.0 = Debug|Any CPU
		{9703EF0E-E1E8-440C-9C87-D583D801D434}.Debug|x64.ActiveCfg = Debug|Any CPU
		{9703EF0E-E1E8-440C-9C87-D583D801D434}.Debug|x64.Build.0 = Debug|Any CPU
		{9703EF0E-E1E8-440C-9C87-D583D801D434}.Debug|x86.ActiveCfg = Debug|Any CPU
		{9703EF0E-E1E8-440C-9C87-D583D801D434}.Debug|x86.Build.0 = Debug|Any CPU
		{9703EF0E-E1E8-440C-9C87-D583D801D434}.Release|Any CPU.ActiveCfg = Release|Any CPU
		{9703EF0E-E1E8-440C-9C87-D583D801D434}.Release|Any CPU.Build.0 = Release|Any CPU
		{9703EF0E-E1E8-440C-9C87-D583D801D434}.Release|x64.ActiveCfg = Release|Any CPU
		{9703EF0E-E1E8-440C-9C87-D583D801D434}.Release|x64.Build.0 = Release|Any CPU
		{9703EF0E-E1E8-440C-9C87-D583D801D434}.Release|x86.ActiveCfg = Release|Any CPU
		{9703EF0E-E1E8-440C-9C87-D583D801D434}.Release|x86.Build.0 = Release|Any CPU
		{3FB3D4C8-2669-49EE-AF06-9ABF98A40192}.Debug|Any CPU.ActiveCfg = Debug|Any CPU
		{3FB3D4C8-2669-49EE-AF06-9ABF98A40192}.Debug|Any CPU.Build.0 = Debug|Any CPU
		{3FB3D4C8-2669-49EE-AF06-9ABF98A40192}.Debug|x64.ActiveCfg = Debug|Any CPU
		{3FB3D4C8-2669-49EE-AF06-9ABF98A40192}.Debug|x64.Build.0 = Debug|Any CPU
		{3FB3D4C8-2669-49EE-AF06-9ABF98A40192}.Debug|x86.ActiveCfg = Debug|Any CPU
		{3FB3D4C8-2669-49EE-AF06-9ABF98A40192}.Debug|x86.Build.0 = Debug|Any CPU
		{3FB3D4C8-2669-49EE-AF06-9ABF98A40192}.Release|Any CPU.ActiveCfg = Release|Any CPU
		{3FB3D4C8-2669-49EE-AF06-9ABF98A40192}.Release|Any CPU.Build.0 = Release|Any CPU
		{3FB3D4C8-2669-49EE-AF06-9ABF98A40192}.Release|x64.ActiveCfg = Release|Any CPU
		{3FB3D4C8-2669-49EE-AF06-9ABF98A40192}.Release|x64.Build.0 = Release|Any CPU
		{3FB3D4C8-2669-49EE-AF06-9ABF98A40192}.Release|x86.ActiveCfg = Release|Any CPU
		{3FB3D4C8-2669-49EE-AF06-9ABF98A40192}.Release|x86.Build.0 = Release|Any CPU
		{1950F5B5-7539-4BF7-A490-888BF1ACCA63}.Debug|Any CPU.ActiveCfg = Debug|Any CPU
		{1950F5B5-7539-4BF7-A490-888BF1ACCA63}.Debug|Any CPU.Build.0 = Debug|Any CPU
		{1950F5B5-7539-4BF7-A490-888BF1ACCA63}.Debug|x64.ActiveCfg = Debug|Any CPU
		{1950F5B5-7539-4BF7-A490-888BF1ACCA63}.Debug|x64.Build.0 = Debug|Any CPU
		{1950F5B5-7539-4BF7-A490-888BF1ACCA63}.Debug|x86.ActiveCfg = Debug|Any CPU
		{1950F5B5-7539-4BF7-A490-888BF1ACCA63}.Debug|x86.Build.0 = Debug|Any CPU
		{1950F5B5-7539-4BF7-A490-888BF1ACCA63}.Release|Any CPU.ActiveCfg = Release|Any CPU
		{1950F5B5-7539-4BF7-A490-888BF1ACCA63}.Release|Any CPU.Build.0 = Release|Any CPU
		{1950F5B5-7539-4BF7-A490-888BF1ACCA63}.Release|x64.ActiveCfg = Release|Any CPU
		{1950F5B5-7539-4BF7-A490-888BF1ACCA63}.Release|x64.Build.0 = Release|Any CPU
		{1950F5B5-7539-4BF7-A490-888BF1ACCA63}.Release|x86.ActiveCfg = Release|Any CPU
		{1950F5B5-7539-4BF7-A490-888BF1ACCA63}.Release|x86.Build.0 = Release|Any CPU
		{36B14467-786F-4739-8F24-F956BB0E0388}.Debug|Any CPU.ActiveCfg = Debug|Any CPU
		{36B14467-786F-4739-8F24-F956BB0E0388}.Debug|Any CPU.Build.0 = Debug|Any CPU
		{36B14467-786F-4739-8F24-F956BB0E0388}.Debug|x64.ActiveCfg = Debug|Any CPU
		{36B14467-786F-4739-8F24-F956BB0E0388}.Debug|x64.Build.0 = Debug|Any CPU
		{36B14467-786F-4739-8F24-F956BB0E0388}.Debug|x86.ActiveCfg = Debug|Any CPU
		{36B14467-786F-4739-8F24-F956BB0E0388}.Debug|x86.Build.0 = Debug|Any CPU
		{36B14467-786F-4739-8F24-F956BB0E0388}.Release|Any CPU.ActiveCfg = Release|Any CPU
		{36B14467-786F-4739-8F24-F956BB0E0388}.Release|Any CPU.Build.0 = Release|Any CPU
		{36B14467-786F-4739-8F24-F956BB0E0388}.Release|x64.ActiveCfg = Release|Any CPU
		{36B14467-786F-4739-8F24-F956BB0E0388}.Release|x64.Build.0 = Release|Any CPU
		{36B14467-786F-4739-8F24-F956BB0E0388}.Release|x86.ActiveCfg = Release|Any CPU
		{36B14467-786F-4739-8F24-F956BB0E0388}.Release|x86.Build.0 = Release|Any CPU
		{23B819EB-3D41-434E-BBEF-BEFF8D8BC463}.Debug|Any CPU.ActiveCfg = Debug|Any CPU
		{23B819EB-3D41-434E-BBEF-BEFF8D8BC463}.Debug|Any CPU.Build.0 = Debug|Any CPU
		{23B819EB-3D41-434E-BBEF-BEFF8D8BC463}.Debug|x64.ActiveCfg = Debug|Any CPU
		{23B819EB-3D41-434E-BBEF-BEFF8D8BC463}.Debug|x64.Build.0 = Debug|Any CPU
		{23B819EB-3D41-434E-BBEF-BEFF8D8BC463}.Debug|x86.ActiveCfg = Debug|Any CPU
		{23B819EB-3D41-434E-BBEF-BEFF8D8BC463}.Debug|x86.Build.0 = Debug|Any CPU
		{23B819EB-3D41-434E-BBEF-BEFF8D8BC463}.Release|Any CPU.ActiveCfg = Release|Any CPU
		{23B819EB-3D41-434E-BBEF-BEFF8D8BC463}.Release|Any CPU.Build.0 = Release|Any CPU
		{23B819EB-3D41-434E-BBEF-BEFF8D8BC463}.Release|x64.ActiveCfg = Release|Any CPU
		{23B819EB-3D41-434E-BBEF-BEFF8D8BC463}.Release|x64.Build.0 = Release|Any CPU
		{23B819EB-3D41-434E-BBEF-BEFF8D8BC463}.Release|x86.ActiveCfg = Release|Any CPU
		{23B819EB-3D41-434E-BBEF-BEFF8D8BC463}.Release|x86.Build.0 = Release|Any CPU
		{847380CE-124D-4078-AF66-496840006C88}.Debug|Any CPU.ActiveCfg = Debug|Any CPU
		{847380CE-124D-4078-AF66-496840006C88}.Debug|Any CPU.Build.0 = Debug|Any CPU
		{847380CE-124D-4078-AF66-496840006C88}.Debug|x64.ActiveCfg = Debug|Any CPU
		{847380CE-124D-4078-AF66-496840006C88}.Debug|x64.Build.0 = Debug|Any CPU
		{847380CE-124D-4078-AF66-496840006C88}.Debug|x86.ActiveCfg = Debug|Any CPU
		{847380CE-124D-4078-AF66-496840006C88}.Debug|x86.Build.0 = Debug|Any CPU
		{847380CE-124D-4078-AF66-496840006C88}.Release|Any CPU.ActiveCfg = Release|Any CPU
		{847380CE-124D-4078-AF66-496840006C88}.Release|Any CPU.Build.0 = Release|Any CPU
		{847380CE-124D-4078-AF66-496840006C88}.Release|x64.ActiveCfg = Release|Any CPU
		{847380CE-124D-4078-AF66-496840006C88}.Release|x64.Build.0 = Release|Any CPU
		{847380CE-124D-4078-AF66-496840006C88}.Release|x86.ActiveCfg = Release|Any CPU
		{847380CE-124D-4078-AF66-496840006C88}.Release|x86.Build.0 = Release|Any CPU
		{4F7E003B-CC75-4CE1-A65E-C484D8BC7C7F}.Debug|Any CPU.ActiveCfg = Debug|Any CPU
		{4F7E003B-CC75-4CE1-A65E-C484D8BC7C7F}.Debug|Any CPU.Build.0 = Debug|Any CPU
		{4F7E003B-CC75-4CE1-A65E-C484D8BC7C7F}.Debug|x64.ActiveCfg = Debug|Any CPU
		{4F7E003B-CC75-4CE1-A65E-C484D8BC7C7F}.Debug|x64.Build.0 = Debug|Any CPU
		{4F7E003B-CC75-4CE1-A65E-C484D8BC7C7F}.Debug|x86.ActiveCfg = Debug|Any CPU
		{4F7E003B-CC75-4CE1-A65E-C484D8BC7C7F}.Debug|x86.Build.0 = Debug|Any CPU
		{4F7E003B-CC75-4CE1-A65E-C484D8BC7C7F}.Release|Any CPU.ActiveCfg = Release|Any CPU
		{4F7E003B-CC75-4CE1-A65E-C484D8BC7C7F}.Release|Any CPU.Build.0 = Release|Any CPU
		{4F7E003B-CC75-4CE1-A65E-C484D8BC7C7F}.Release|x64.ActiveCfg = Release|Any CPU
		{4F7E003B-CC75-4CE1-A65E-C484D8BC7C7F}.Release|x64.Build.0 = Release|Any CPU
		{4F7E003B-CC75-4CE1-A65E-C484D8BC7C7F}.Release|x86.ActiveCfg = Release|Any CPU
		{4F7E003B-CC75-4CE1-A65E-C484D8BC7C7F}.Release|x86.Build.0 = Release|Any CPU
	EndGlobalSection
	GlobalSection(SolutionProperties) = preSolution
		HideSolutionNode = FALSE
	EndGlobalSection
	GlobalSection(NestedProjects) = preSolution
		{9703EF0E-E1E8-440C-9C87-D583D801D434} = {827E0CD3-B72D-47B6-A68D-7590B98EB39B}
		{3FB3D4C8-2669-49EE-AF06-9ABF98A40192} = {827E0CD3-B72D-47B6-A68D-7590B98EB39B}
		{1950F5B5-7539-4BF7-A490-888BF1ACCA63} = {827E0CD3-B72D-47B6-A68D-7590B98EB39B}
		{36B14467-786F-4739-8F24-F956BB0E0388} = {827E0CD3-B72D-47B6-A68D-7590B98EB39B}
		{23B819EB-3D41-434E-BBEF-BEFF8D8BC463} = {827E0CD3-B72D-47B6-A68D-7590B98EB39B}
		{847380CE-124D-4078-AF66-496840006C88} = {0AB3BF05-4346-4AA6-1389-037BE0695223}
		{4F7E003B-CC75-4CE1-A65E-C484D8BC7C7F} = {0AB3BF05-4346-4AA6-1389-037BE0695223}
	EndGlobalSection
EndGlobal
